
Microsoft Visual Studio Solution File, Format Version 12.00
# Visual Studio Version 17
VisualStudioVersion = 17.5.33424.131
MinimumVisualStudioVersion = 10.0.40219.1
Project("{9A19103F-16F7-4668-BE54-9A1E7A4F7556}") = "Codeingame", "Codeingame\Codeingame.csproj", "{3E695439-0BAB-406C-A38A-D3E365CB4EE3}"
EndProject
Project("{9A19103F-16F7-4668-BE54-9A1E7A4F7556}") = "GuessWhatNeedToDo", "GuessWhatNeedToDo\GuessWhatNeedToDo.csproj", "{FE9145FD-B289-4A63-9846-D7F5E3516E10}"
EndProject
Project("{9A19103F-16F7-4668-BE54-9A1E7A4F7556}") = "ConsoleApp", "ConsoleApp\ConsoleApp.csproj", "{9A0DD2AE-8693-4A0E-ADFE-7E09126A997A}"
EndProject
Project("{9A19103F-16F7-4668-BE54-9A1E7A4F7556}") = "PrintCharAndUpperOrLowerChar", "PrintCharAndUpperOrLowerChar\PrintCharAndUpperOrLowerChar.csproj", "{83A95C0B-BC83-4B1A-A7E9-C131A947654C}"
EndProject
Project("{9A19103F-16F7-4668-BE54-9A1E7A4F7556}") = "NumberSumWithoutLetters", "NumberSumWithoutLetters\NumberSumWithoutLetters.csproj", "{FEE6842D-371D-4459-93F9-A0C2C9E97E24}"
EndProject
Project("{9A19103F-16F7-4668-BE54-9A1E7A4F7556}") = "FBLR(FPS)", "FBLR(FPS)\FBLR(FPS).csproj", "{BD336599-EB83-4FC6-A74F-6A4D23BD5606}"
EndProject
Project("{9A19103F-16F7-4668-BE54-9A1E7A4F7556}") = "palindromeEffect", "palindromeEffect\palindromeEffect.csproj", "{F2FC693D-1BE1-46F6-BA89-6E6552D347A9}"
EndProject
Project("{9A19103F-16F7-4668-BE54-9A1E7A4F7556}") = "UNOCheck", "UNOCheck\UNOCheck.csproj", "{4AF5F688-9057-4AAC-A0A0-28972F92863C}"
EndProject
Project("{9A19103F-16F7-4668-BE54-9A1E7A4F7556}") = "AddNumber", "AddNumber\AddNumber.csproj", "{B98E196C-C075-47A3-AC1D-5E6382FCDB30}"
EndProject
Project("{9A19103F-16F7-4668-BE54-9A1E7A4F7556}") = "NumberMinusNext", "NumberMinusNext\NumberMinusNext.csproj", "{B2EB30FD-090C-4AB5-A668-518A5B70D0D2}"
EndProject
Project("{9A19103F-16F7-4668-BE54-9A1E7A4F7556}") = "Count+And-", "Count+And-\Count+And-.csproj", "{0D87C039-9331-40B9-B077-3FA89D4C6A6C}"
EndProject
Project("{9A19103F-16F7-4668-BE54-9A1E7A4F7556}") = "FibonachiNumberCheck", "FibonachiNumberCheck\FibonachiNumberCheck.csproj", "{51864270-655C-401D-B0CA-9E2DFDE4BC20}"
EndProject
Project("{9A19103F-16F7-4668-BE54-9A1E7A4F7556}") = "CountYear", "CountYear\CountYear.csproj", "{2B846E86-9B74-4015-A17E-4B9E42546C83}"
EndProject
Project("{9A19103F-16F7-4668-BE54-9A1E7A4F7556}") = "DiagonalNumber", "DiagonalNumber\DiagonalNumber.csproj", "{48D09C79-1A51-4301-B1BA-C645582C4C99}"
EndProject
Project("{9A19103F-16F7-4668-BE54-9A1E7A4F7556}") = "TakeNumberAndMod2IfCount1", "TakeNumberAndMod2IfCount1\TakeNumberAndMod2IfCount1.csproj", "{6C438EE4-EA6B-4A48-B80F-76C021077832}"
EndProject
Project("{9A19103F-16F7-4668-BE54-9A1E7A4F7556}") = "MonthsChecker", "GivenStringConvertToNumber\MonthsChecker.csproj", "{5F5F4A5B-D182-414C-9C52-B1B6D4445AEE}"
EndProject
Project("{9A19103F-16F7-4668-BE54-9A1E7A4F7556}") = "ReverseElement", "ReverseElement\ReverseElement.csproj", "{27F4E152-6FC2-4D39-AAC0-BFF59D5BCB63}"
EndProject
Project("{9A19103F-16F7-4668-BE54-9A1E7A4F7556}") = "FindNeedMinusOrPlus", "FindNeedMinusOrPlus\FindNeedMinusOrPlus.csproj", "{CB081BDF-8738-47B9-B7A4-D92C0147451C}"
EndProject
Project("{9A19103F-16F7-4668-BE54-9A1E7A4F7556}") = "PrimeNumberCouter", "PrimeNumberCouter\PrimeNumberCouter.csproj", "{87C23A81-822F-4E46-AE6C-7D37FAE3755E}"
EndProject
Project("{9A19103F-16F7-4668-BE54-9A1E7A4F7556}") = "DaysInMonth", "DaysInMonth\DaysInMonth.csproj", "{D4F65E30-CBA2-4902-9572-0DDCA7747FA2}"
EndProject
Project("{9A19103F-16F7-4668-BE54-9A1E7A4F7556}") = "CountShortestWayToFindNumber", "CountShortestWayToFindNumber\CountShortestWayToFindNumber.csproj", "{8A0C58DD-FC66-4F67-A0DB-6837E267D099}"
EndProject
Project("{9A19103F-16F7-4668-BE54-9A1E7A4F7556}") = "TwoSum", "TwoSum\TwoSum.csproj", "{A0642675-A839-4E91-B313-1D788F55A756}"
EndProject
Project("{9A19103F-16F7-4668-BE54-9A1E7A4F7556}") = "Add Two Numbers", "Add Two Numbers\Add Two Numbers.csproj", "{9B54B189-5330-470A-829E-080616912700}"
EndProject
Project("{9A19103F-16F7-4668-BE54-9A1E7A4F7556}") = "Pyramid of number", "Pyramid of number\Pyramid of number.csproj", "{90DDB12A-89FC-4139-B15D-8D5116876E0A}"
EndProject
Project("{9A19103F-16F7-4668-BE54-9A1E7A4F7556}") = "ClosestWorkPlace", "ClosestWorkPlace\ClosestWorkPlace.csproj", "{4C26899E-DCC3-49D1-999B-A4EB4F0B5E3F}"
EndProject
Project("{9A19103F-16F7-4668-BE54-9A1E7A4F7556}") = "ChatGPT", "ChatGPT\ChatGPT.csproj", "{622E085A-F2A5-4DE8-A34B-1386B9D84FB7}"
EndProject
Project("{9A19103F-16F7-4668-BE54-9A1E7A4F7556}") = "NumberAndSimbol", "NumberAndSimbol\NumberAndSimbol.csproj", "{7C84D30D-8A9E-490C-8075-2E2BD2853DA4}"
EndProject
Project("{2150E333-8FDC-42A3-9474-1A3956D46DE8}") = "Sobesedovanie", "Sobesedovanie", "{27F47589-F4EB-45ED-AFA0-09348DD9E184}"
EndProject
Project("{FAE04EC0-301F-11D3-BF4B-00C04F79EFBC}") = "ConsoleApp1", "ConsoleApp1\ConsoleApp1.csproj", "{E4C1A6CD-0FF5-4979-87C6-0625F3CB0653}"
EndProject
Global
	GlobalSection(SolutionConfigurationPlatforms) = preSolution
		Debug|Any CPU = Debug|Any CPU
		Release|Any CPU = Release|Any CPU
	EndGlobalSection
	GlobalSection(ProjectConfigurationPlatforms) = postSolution
		{3E695439-0BAB-406C-A38A-D3E365CB4EE3}.Debug|Any CPU.ActiveCfg = Debug|Any CPU
		{3E695439-0BAB-406C-A38A-D3E365CB4EE3}.Debug|Any CPU.Build.0 = Debug|Any CPU
		{3E695439-0BAB-406C-A38A-D3E365CB4EE3}.Release|Any CPU.ActiveCfg = Release|Any CPU
		{3E695439-0BAB-406C-A38A-D3E365CB4EE3}.Release|Any CPU.Build.0 = Release|Any CPU
		{FE9145FD-B289-4A63-9846-D7F5E3516E10}.Debug|Any CPU.ActiveCfg = Debug|Any CPU
		{FE9145FD-B289-4A63-9846-D7F5E3516E10}.Debug|Any CPU.Build.0 = Debug|Any CPU
		{FE9145FD-B289-4A63-9846-D7F5E3516E10}.Release|Any CPU.ActiveCfg = Release|Any CPU
		{FE9145FD-B289-4A63-9846-D7F5E3516E10}.Release|Any CPU.Build.0 = Release|Any CPU
		{9A0DD2AE-8693-4A0E-ADFE-7E09126A997A}.Debug|Any CPU.ActiveCfg = Debug|Any CPU
		{9A0DD2AE-8693-4A0E-ADFE-7E09126A997A}.Debug|Any CPU.Build.0 = Debug|Any CPU
		{9A0DD2AE-8693-4A0E-ADFE-7E09126A997A}.Release|Any CPU.ActiveCfg = Release|Any CPU
		{9A0DD2AE-8693-4A0E-ADFE-7E09126A997A}.Release|Any CPU.Build.0 = Release|Any CPU
		{83A95C0B-BC83-4B1A-A7E9-C131A947654C}.Debug|Any CPU.ActiveCfg = Debug|Any CPU
		{83A95C0B-BC83-4B1A-A7E9-C131A947654C}.Debug|Any CPU.Build.0 = Debug|Any CPU
		{83A95C0B-BC83-4B1A-A7E9-C131A947654C}.Release|Any CPU.ActiveCfg = Release|Any CPU
		{83A95C0B-BC83-4B1A-A7E9-C131A947654C}.Release|Any CPU.Build.0 = Release|Any CPU
		{FEE6842D-371D-4459-93F9-A0C2C9E97E24}.Debug|Any CPU.ActiveCfg = Debug|Any CPU
		{FEE6842D-371D-4459-93F9-A0C2C9E97E24}.Debug|Any CPU.Build.0 = Debug|Any CPU
		{FEE6842D-371D-4459-93F9-A0C2C9E97E24}.Release|Any CPU.ActiveCfg = Release|Any CPU
		{FEE6842D-371D-4459-93F9-A0C2C9E97E24}.Release|Any CPU.Build.0 = Release|Any CPU
		{BD336599-EB83-4FC6-A74F-6A4D23BD5606}.Debug|Any CPU.ActiveCfg = Debug|Any CPU
		{BD336599-EB83-4FC6-A74F-6A4D23BD5606}.Debug|Any CPU.Build.0 = Debug|Any CPU
		{BD336599-EB83-4FC6-A74F-6A4D23BD5606}.Release|Any CPU.ActiveCfg = Release|Any CPU
		{BD336599-EB83-4FC6-A74F-6A4D23BD5606}.Release|Any CPU.Build.0 = Release|Any CPU
		{F2FC693D-1BE1-46F6-BA89-6E6552D347A9}.Debug|Any CPU.ActiveCfg = Debug|Any CPU
		{F2FC693D-1BE1-46F6-BA89-6E6552D347A9}.Debug|Any CPU.Build.0 = Debug|Any CPU
		{F2FC693D-1BE1-46F6-BA89-6E6552D347A9}.Release|Any CPU.ActiveCfg = Release|Any CPU
		{F2FC693D-1BE1-46F6-BA89-6E6552D347A9}.Release|Any CPU.Build.0 = Release|Any CPU
		{4AF5F688-9057-4AAC-A0A0-28972F92863C}.Debug|Any CPU.ActiveCfg = Debug|Any CPU
		{4AF5F688-9057-4AAC-A0A0-28972F92863C}.Debug|Any CPU.Build.0 = Debug|Any CPU
		{4AF5F688-9057-4AAC-A0A0-28972F92863C}.Release|Any CPU.ActiveCfg = Release|Any CPU
		{4AF5F688-9057-4AAC-A0A0-28972F92863C}.Release|Any CPU.Build.0 = Release|Any CPU
		{B98E196C-C075-47A3-AC1D-5E6382FCDB30}.Debug|Any CPU.ActiveCfg = Debug|Any CPU
		{B98E196C-C075-47A3-AC1D-5E6382FCDB30}.Debug|Any CPU.Build.0 = Debug|Any CPU
		{B98E196C-C075-47A3-AC1D-5E6382FCDB30}.Release|Any CPU.ActiveCfg = Release|Any CPU
		{B98E196C-C075-47A3-AC1D-5E6382FCDB30}.Release|Any CPU.Build.0 = Release|Any CPU
		{B2EB30FD-090C-4AB5-A668-518A5B70D0D2}.Debug|Any CPU.ActiveCfg = Debug|Any CPU
		{B2EB30FD-090C-4AB5-A668-518A5B70D0D2}.Debug|Any CPU.Build.0 = Debug|Any CPU
		{B2EB30FD-090C-4AB5-A668-518A5B70D0D2}.Release|Any CPU.ActiveCfg = Release|Any CPU
		{B2EB30FD-090C-4AB5-A668-518A5B70D0D2}.Release|Any CPU.Build.0 = Release|Any CPU
		{0D87C039-9331-40B9-B077-3FA89D4C6A6C}.Debug|Any CPU.ActiveCfg = Debug|Any CPU
		{0D87C039-9331-40B9-B077-3FA89D4C6A6C}.Debug|Any CPU.Build.0 = Debug|Any CPU
		{0D87C039-9331-40B9-B077-3FA89D4C6A6C}.Release|Any CPU.ActiveCfg = Release|Any CPU
		{0D87C039-9331-40B9-B077-3FA89D4C6A6C}.Release|Any CPU.Build.0 = Release|Any CPU
		{51864270-655C-401D-B0CA-9E2DFDE4BC20}.Debug|Any CPU.ActiveCfg = Debug|Any CPU
		{51864270-655C-401D-B0CA-9E2DFDE4BC20}.Debug|Any CPU.Build.0 = Debug|Any CPU
		{51864270-655C-401D-B0CA-9E2DFDE4BC20}.Release|Any CPU.ActiveCfg = Release|Any CPU
		{51864270-655C-401D-B0CA-9E2DFDE4BC20}.Release|Any CPU.Build.0 = Release|Any CPU
		{2B846E86-9B74-4015-A17E-4B9E42546C83}.Debug|Any CPU.ActiveCfg = Debug|Any CPU
		{2B846E86-9B74-4015-A17E-4B9E42546C83}.Debug|Any CPU.Build.0 = Debug|Any CPU
		{2B846E86-9B74-4015-A17E-4B9E42546C83}.Release|Any CPU.ActiveCfg = Release|Any CPU
		{2B846E86-9B74-4015-A17E-4B9E42546C83}.Release|Any CPU.Build.0 = Release|Any CPU
		{48D09C79-1A51-4301-B1BA-C645582C4C99}.Debug|Any CPU.ActiveCfg = Debug|Any CPU
		{48D09C79-1A51-4301-B1BA-C645582C4C99}.Debug|Any CPU.Build.0 = Debug|Any CPU
		{48D09C79-1A51-4301-B1BA-C645582C4C99}.Release|Any CPU.ActiveCfg = Release|Any CPU
		{48D09C79-1A51-4301-B1BA-C645582C4C99}.Release|Any CPU.Build.0 = Release|Any CPU
		{6C438EE4-EA6B-4A48-B80F-76C021077832}.Debug|Any CPU.ActiveCfg = Debug|Any CPU
		{6C438EE4-EA6B-4A48-B80F-76C021077832}.Debug|Any CPU.Build.0 = Debug|Any CPU
		{6C438EE4-EA6B-4A48-B80F-76C021077832}.Release|Any CPU.ActiveCfg = Release|Any CPU
		{6C438EE4-EA6B-4A48-B80F-76C021077832}.Release|Any CPU.Build.0 = Release|Any CPU
		{5F5F4A5B-D182-414C-9C52-B1B6D4445AEE}.Debug|Any CPU.ActiveCfg = Debug|Any CPU
		{5F5F4A5B-D182-414C-9C52-B1B6D4445AEE}.Debug|Any CPU.Build.0 = Debug|Any CPU
		{5F5F4A5B-D182-414C-9C52-B1B6D4445AEE}.Release|Any CPU.ActiveCfg = Release|Any CPU
		{5F5F4A5B-D182-414C-9C52-B1B6D4445AEE}.Release|Any CPU.Build.0 = Release|Any CPU
		{27F4E152-6FC2-4D39-AAC0-BFF59D5BCB63}.Debug|Any CPU.ActiveCfg = Debug|Any CPU
		{27F4E152-6FC2-4D39-AAC0-BFF59D5BCB63}.Debug|Any CPU.Build.0 = Debug|Any CPU
		{27F4E152-6FC2-4D39-AAC0-BFF59D5BCB63}.Release|Any CPU.ActiveCfg = Release|Any CPU
		{27F4E152-6FC2-4D39-AAC0-BFF59D5BCB63}.Release|Any CPU.Build.0 = Release|Any CPU
		{CB081BDF-8738-47B9-B7A4-D92C0147451C}.Debug|Any CPU.ActiveCfg = Debug|Any CPU
		{CB081BDF-8738-47B9-B7A4-D92C0147451C}.Debug|Any CPU.Build.0 = Debug|Any CPU
		{CB081BDF-8738-47B9-B7A4-D92C0147451C}.Release|Any CPU.ActiveCfg = Release|Any CPU
		{CB081BDF-8738-47B9-B7A4-D92C0147451C}.Release|Any CPU.Build.0 = Release|Any CPU
		{87C23A81-822F-4E46-AE6C-7D37FAE3755E}.Debug|Any CPU.ActiveCfg = Debug|Any CPU
		{87C23A81-822F-4E46-AE6C-7D37FAE3755E}.Debug|Any CPU.Build.0 = Debug|Any CPU
		{87C23A81-822F-4E46-AE6C-7D37FAE3755E}.Release|Any CPU.ActiveCfg = Release|Any CPU
		{87C23A81-822F-4E46-AE6C-7D37FAE3755E}.Release|Any CPU.Build.0 = Release|Any CPU
		{D4F65E30-CBA2-4902-9572-0DDCA7747FA2}.Debug|Any CPU.ActiveCfg = Debug|Any CPU
		{D4F65E30-CBA2-4902-9572-0DDCA7747FA2}.Debug|Any CPU.Build.0 = Debug|Any CPU
		{D4F65E30-CBA2-4902-9572-0DDCA7747FA2}.Release|Any CPU.ActiveCfg = Release|Any CPU
		{D4F65E30-CBA2-4902-9572-0DDCA7747FA2}.Release|Any CPU.Build.0 = Release|Any CPU
		{8A0C58DD-FC66-4F67-A0DB-6837E267D099}.Debug|Any CPU.ActiveCfg = Debug|Any CPU
		{8A0C58DD-FC66-4F67-A0DB-6837E267D099}.Debug|Any CPU.Build.0 = Debug|Any CPU
		{8A0C58DD-FC66-4F67-A0DB-6837E267D099}.Release|Any CPU.ActiveCfg = Release|Any CPU
		{8A0C58DD-FC66-4F67-A0DB-6837E267D099}.Release|Any CPU.Build.0 = Release|Any CPU
		{A0642675-A839-4E91-B313-1D788F55A756}.Debug|Any CPU.ActiveCfg = Debug|Any CPU
		{A0642675-A839-4E91-B313-1D788F55A756}.Debug|Any CPU.Build.0 = Debug|Any CPU
		{A0642675-A839-4E91-B313-1D788F55A756}.Release|Any CPU.ActiveCfg = Release|Any CPU
		{A0642675-A839-4E91-B313-1D788F55A756}.Release|Any CPU.Build.0 = Release|Any CPU
		{9B54B189-5330-470A-829E-080616912700}.Debug|Any CPU.ActiveCfg = Debug|Any CPU
		{9B54B189-5330-470A-829E-080616912700}.Debug|Any CPU.Build.0 = Debug|Any CPU
		{9B54B189-5330-470A-829E-080616912700}.Release|Any CPU.ActiveCfg = Release|Any CPU
		{9B54B189-5330-470A-829E-080616912700}.Release|Any CPU.Build.0 = Release|Any CPU
		{90DDB12A-89FC-4139-B15D-8D5116876E0A}.Debug|Any CPU.ActiveCfg = Debug|Any CPU
		{90DDB12A-89FC-4139-B15D-8D5116876E0A}.Debug|Any CPU.Build.0 = Debug|Any CPU
		{90DDB12A-89FC-4139-B15D-8D5116876E0A}.Release|Any CPU.ActiveCfg = Release|Any CPU
		{90DDB12A-89FC-4139-B15D-8D5116876E0A}.Release|Any CPU.Build.0 = Release|Any CPU
		{4C26899E-DCC3-49D1-999B-A4EB4F0B5E3F}.Debug|Any CPU.ActiveCfg = Debug|Any CPU
		{4C26899E-DCC3-49D1-999B-A4EB4F0B5E3F}.Debug|Any CPU.Build.0 = Debug|Any CPU
		{4C26899E-DCC3-49D1-999B-A4EB4F0B5E3F}.Release|Any CPU.ActiveCfg = Release|Any CPU
		{4C26899E-DCC3-49D1-999B-A4EB4F0B5E3F}.Release|Any CPU.Build.0 = Release|Any CPU
		{622E085A-F2A5-4DE8-A34B-1386B9D84FB7}.Debug|Any CPU.ActiveCfg = Debug|Any CPU
		{622E085A-F2A5-4DE8-A34B-1386B9D84FB7}.Debug|Any CPU.Build.0 = Debug|Any CPU
		{622E085A-F2A5-4DE8-A34B-1386B9D84FB7}.Release|Any CPU.ActiveCfg = Release|Any CPU
		{622E085A-F2A5-4DE8-A34B-1386B9D84FB7}.Release|Any CPU.Build.0 = Release|Any CPU
		{7C84D30D-8A9E-490C-8075-2E2BD2853DA4}.Debug|Any CPU.ActiveCfg = Debug|Any CPU
		{7C84D30D-8A9E-490C-8075-2E2BD2853DA4}.Debug|Any CPU.Build.0 = Debug|Any CPU
		{7C84D30D-8A9E-490C-8075-2E2BD2853DA4}.Release|Any CPU.ActiveCfg = Release|Any CPU
		{7C84D30D-8A9E-490C-8075-2E2BD2853DA4}.Release|Any CPU.Build.0 = Release|Any CPU
		{E4C1A6CD-0FF5-4979-87C6-0625F3CB0653}.Debug|Any CPU.ActiveCfg = Debug|Any CPU
		{E4C1A6CD-0FF5-4979-87C6-0625F3CB0653}.Debug|Any CPU.Build.0 = Debug|Any CPU
		{E4C1A6CD-0FF5-4979-87C6-0625F3CB0653}.Release|Any CPU.ActiveCfg = Release|Any CPU
		{E4C1A6CD-0FF5-4979-87C6-0625F3CB0653}.Release|Any CPU.Build.0 = Release|Any CPU
	EndGlobalSection
	GlobalSection(SolutionProperties) = preSolution
		HideSolutionNode = FALSE
	EndGlobalSection
	GlobalSection(NestedProjects) = preSolution
		{E4C1A6CD-0FF5-4979-87C6-0625F3CB0653} = {27F47589-F4EB-45ED-AFA0-09348DD9E184}
	EndGlobalSection
	GlobalSection(ExtensibilityGlobals) = postSolution
		SolutionGuid = {07E63DB3-350E-408D-BD76-99071C8DED70}
	EndGlobalSection
EndGlobal
